// !$*UTF8*$!
{
	archiveVersion = 1;
	classes = {
	};
	objectVersion = 46;
	objects = {

/* Begin PBXBuildFile section */
		8EC7ED871E85201700834D92 /* DriveSafe.framework in Frameworks */ = {isa = PBXBuildFile; fileRef = 8EC7ED7D1E85201700834D92 /* DriveSafe.framework */; };
		8EC7ED8C1E85201700834D92 /* DriveSafeTests.swift in Sources */ = {isa = PBXBuildFile; fileRef = 8EC7ED8B1E85201700834D92 /* DriveSafeTests.swift */; };
		8EC7ED8E1E85201700834D92 /* DriveSafe.h in Headers */ = {isa = PBXBuildFile; fileRef = 8EC7ED801E85201700834D92 /* DriveSafe.h */; settings = {ATTRIBUTES = (Public, ); }; };
		8EC7ED981E85257800834D92 /* DriveSafe.swift in Sources */ = {isa = PBXBuildFile; fileRef = 8EC7ED971E85257800834D92 /* DriveSafe.swift */; };
/* End PBXBuildFile section */

/* Begin PBXContainerItemProxy section */
		8EC7ED881E85201700834D92 /* PBXContainerItemProxy */ = {
			isa = PBXContainerItemProxy;
			containerPortal = 8EC7ED741E85201700834D92 /* Project object */;
			proxyType = 1;
			remoteGlobalIDString = 8EC7ED7C1E85201700834D92;
			remoteInfo = DriveSafe;
		};
/* End PBXContainerItemProxy section */

/* Begin PBXFileReference section */
		8EC7ED7D1E85201700834D92 /* DriveSafe.framework */ = {isa = PBXFileReference; explicitFileType = wrapper.framework; includeInIndex = 0; path = DriveSafe.framework; sourceTree = BUILT_PRODUCTS_DIR; };
		8EC7ED801E85201700834D92 /* DriveSafe.h */ = {isa = PBXFileReference; lastKnownFileType = sourcecode.c.h; path = DriveSafe.h; sourceTree = "<group>"; };
		8EC7ED811E85201700834D92 /* Info.plist */ = {isa = PBXFileReference; lastKnownFileType = text.plist.xml; path = Info.plist; sourceTree = "<group>"; };
		8EC7ED861E85201700834D92 /* DriveSafeTests.xctest */ = {isa = PBXFileReference; explicitFileType = wrapper.cfbundle; includeInIndex = 0; path = DriveSafeTests.xctest; sourceTree = BUILT_PRODUCTS_DIR; };
		8EC7ED8B1E85201700834D92 /* DriveSafeTests.swift */ = {isa = PBXFileReference; lastKnownFileType = sourcecode.swift; path = DriveSafeTests.swift; sourceTree = "<group>"; };
		8EC7ED8D1E85201700834D92 /* Info.plist */ = {isa = PBXFileReference; lastKnownFileType = text.plist.xml; path = Info.plist; sourceTree = "<group>"; };
		8EC7ED971E85257800834D92 /* DriveSafe.swift */ = {isa = PBXFileReference; fileEncoding = 4; lastKnownFileType = sourcecode.swift; path = DriveSafe.swift; sourceTree = "<group>"; };
/* End PBXFileReference section */

/* Begin PBXFrameworksBuildPhase section */
		8EC7ED791E85201700834D92 /* Frameworks */ = {
			isa = PBXFrameworksBuildPhase;
			buildActionMask = 2147483647;
			files = (
			);
			runOnlyForDeploymentPostprocessing = 0;
		};
		8EC7ED831E85201700834D92 /* Frameworks */ = {
			isa = PBXFrameworksBuildPhase;
			buildActionMask = 2147483647;
			files = (
				8EC7ED871E85201700834D92 /* DriveSafe.framework in Frameworks */,
			);
			runOnlyForDeploymentPostprocessing = 0;
		};
/* End PBXFrameworksBuildPhase section */

/* Begin PBXGroup section */
		8EC7ED731E85201700834D92 = {
			isa = PBXGroup;
			children = (
				8EC7ED7F1E85201700834D92 /* DriveSafe */,
				8EC7ED8A1E85201700834D92 /* DriveSafeTests */,
				8EC7ED7E1E85201700834D92 /* Products */,
			);
			sourceTree = "<group>";
		};
		8EC7ED7E1E85201700834D92 /* Products */ = {
			isa = PBXGroup;
			children = (
				8EC7ED7D1E85201700834D92 /* DriveSafe.framework */,
				8EC7ED861E85201700834D92 /* DriveSafeTests.xctest */,
			);
			name = Products;
			sourceTree = "<group>";
		};
		8EC7ED7F1E85201700834D92 /* DriveSafe */ = {
			isa = PBXGroup;
			children = (
				8EC7ED971E85257800834D92 /* DriveSafe.swift */,
				8EC7ED801E85201700834D92 /* DriveSafe.h */,
				8EC7ED811E85201700834D92 /* Info.plist */,
			);
			path = DriveSafe;
			sourceTree = "<group>";
		};
		8EC7ED8A1E85201700834D92 /* DriveSafeTests */ = {
			isa = PBXGroup;
			children = (
				8EC7ED8B1E85201700834D92 /* DriveSafeTests.swift */,
				8EC7ED8D1E85201700834D92 /* Info.plist */,
			);
			path = DriveSafeTests;
			sourceTree = "<group>";
		};
/* End PBXGroup section */

/* Begin PBXHeadersBuildPhase section */
		8EC7ED7A1E85201700834D92 /* Headers */ = {
			isa = PBXHeadersBuildPhase;
			buildActionMask = 2147483647;
			files = (
				8EC7ED8E1E85201700834D92 /* DriveSafe.h in Headers */,
			);
			runOnlyForDeploymentPostprocessing = 0;
		};
/* End PBXHeadersBuildPhase section */

/* Begin PBXNativeTarget section */
		8EC7ED7C1E85201700834D92 /* DriveSafe */ = {
			isa = PBXNativeTarget;
			buildConfigurationList = 8EC7ED911E85201700834D92 /* Build configuration list for PBXNativeTarget "DriveSafe" */;
			buildPhases = (
				8EC7ED781E85201700834D92 /* Sources */,
				8EC7ED791E85201700834D92 /* Frameworks */,
				8EC7ED7A1E85201700834D92 /* Headers */,
				8EC7ED7B1E85201700834D92 /* Resources */,
			);
			buildRules = (
			);
			dependencies = (
			);
			name = DriveSafe;
			productName = DriveSafe;
			productReference = 8EC7ED7D1E85201700834D92 /* DriveSafe.framework */;
			productType = "com.apple.product-type.framework";
		};
		8EC7ED851E85201700834D92 /* DriveSafeTests */ = {
			isa = PBXNativeTarget;
			buildConfigurationList = 8EC7ED941E85201700834D92 /* Build configuration list for PBXNativeTarget "DriveSafeTests" */;
			buildPhases = (
				8EC7ED821E85201700834D92 /* Sources */,
				8EC7ED831E85201700834D92 /* Frameworks */,
				8EC7ED841E85201700834D92 /* Resources */,
			);
			buildRules = (
			);
			dependencies = (
				8EC7ED891E85201700834D92 /* PBXTargetDependency */,
			);
			name = DriveSafeTests;
			productName = DriveSafeTests;
			productReference = 8EC7ED861E85201700834D92 /* DriveSafeTests.xctest */;
			productType = "com.apple.product-type.bundle.unit-test";
		};
/* End PBXNativeTarget section */

/* Begin PBXProject section */
		8EC7ED741E85201700834D92 /* Project object */ = {
			isa = PBXProject;
			attributes = {
				LastSwiftUpdateCheck = 0810;
				LastUpgradeCheck = 0810;
				ORGANIZATIONNAME = Attinad;
				TargetAttributes = {
					8EC7ED7C1E85201700834D92 = {
						CreatedOnToolsVersion = 8.1;
						DevelopmentTeam = QXDRVY8B8F;
						LastSwiftMigration = 0810;
						ProvisioningStyle = Automatic;
					};
					8EC7ED851E85201700834D92 = {
						CreatedOnToolsVersion = 8.1;
						DevelopmentTeam = QXDRVY8B8F;
						ProvisioningStyle = Automatic;
					};
				};
			};
			buildConfigurationList = 8EC7ED771E85201700834D92 /* Build configuration list for PBXProject "DriveSafe" */;
			compatibilityVersion = "Xcode 3.2";
			developmentRegion = English;
			hasScannedForEncodings = 0;
			knownRegions = (
				en,
			);
			mainGroup = 8EC7ED731E85201700834D92;
			productRefGroup = 8EC7ED7E1E85201700834D92 /* Products */;
			projectDirPath = "";
			projectRoot = "";
			targets = (
				8EC7ED7C1E85201700834D92 /* DriveSafe */,
				8EC7ED851E85201700834D92 /* DriveSafeTests */,
			);
		};
/* End PBXProject section */

/* Begin PBXResourcesBuildPhase section */
		8EC7ED7B1E85201700834D92 /* Resources */ = {
			isa = PBXResourcesBuildPhase;
			buildActionMask = 2147483647;
			files = (
			);
			runOnlyForDeploymentPostprocessing = 0;
		};
		8EC7ED841E85201700834D92 /* Resources */ = {
			isa = PBXResourcesBuildPhase;
			buildActionMask = 2147483647;
			files = (
			);
			runOnlyForDeploymentPostprocessing = 0;
		};
/* End PBXResourcesBuildPhase section */

/* Begin PBXSourcesBuildPhase section */
		8EC7ED781E85201700834D92 /* Sources */ = {
			isa = PBXSourcesBuildPhase;
			buildActionMask = 2147483647;
			files = (
				8EC7ED981E85257800834D92 /* DriveSafe.swift in Sources */,
			);
			runOnlyForDeploymentPostprocessing = 0;
		};
		8EC7ED821E85201700834D92 /* Sources */ = {
			isa = PBXSourcesBuildPhase;
			buildActionMask = 2147483647;
			files = (
				8EC7ED8C1E85201700834D92 /* DriveSafeTests.swift in Sources */,
			);
			runOnlyForDeploymentPostprocessing = 0;
		};
/* End PBXSourcesBuildPhase section */

/* Begin PBXTargetDependency section */
		8EC7ED891E85201700834D92 /* PBXTargetDependency */ = {
			isa = PBXTargetDependency;
			target = 8EC7ED7C1E85201700834D92 /* DriveSafe */;
			targetProxy = 8EC7ED881E85201700834D92 /* PBXContainerItemProxy */;
		};
/* End PBXTargetDependency section */

/* Begin XCBuildConfiguration section */
		8EC7ED8F1E85201700834D92 /* Debug */ = {
			isa = XCBuildConfiguration;
			buildSettings = {
				ALWAYS_SEARCH_USER_PATHS = NO;
				CLANG_ANALYZER_NONNULL = YES;
				CLANG_CXX_LANGUAGE_STANDARD = "gnu++0x";
				CLANG_CXX_LIBRARY = "libc++";
				CLANG_ENABLE_MODULES = YES;
				CLANG_ENABLE_OBJC_ARC = YES;
				CLANG_WARN_BOOL_CONVERSION = YES;
				CLANG_WARN_CONSTANT_CONVERSION = YES;
				CLANG_WARN_DIRECT_OBJC_ISA_USAGE = YES_ERROR;
				CLANG_WARN_DOCUMENTATION_COMMENTS = YES;
				CLANG_WARN_EMPTY_BODY = YES;
				CLANG_WARN_ENUM_CONVERSION = YES;
				CLANG_WARN_INFINITE_RECURSION = YES;
				CLANG_WARN_INT_CONVERSION = YES;
				CLANG_WARN_OBJC_ROOT_CLASS = YES_ERROR;
				CLANG_WARN_SUSPICIOUS_MOVES = YES;
				CLANG_WARN_UNREACHABLE_CODE = YES;
				CLANG_WARN__DUPLICATE_METHOD_MATCH = YES;
				"CODE_SIGN_IDENTITY[sdk=iphoneos*]" = "iPhone Developer";
				COPY_PHASE_STRIP = NO;
				CURRENT_PROJECT_VERSION = 1;
				DEBUG_INFORMATION_FORMAT = dwarf;
				ENABLE_STRICT_OBJC_MSGSEND = YES;
				ENABLE_TESTABILITY = YES;
				GCC_C_LANGUAGE_STANDARD = gnu99;
				GCC_DYNAMIC_NO_PIC = NO;
				GCC_NO_COMMON_BLOCKS = YES;
				GCC_OPTIMIZATION_LEVEL = 0;
				GCC_PREPROCESSOR_DEFINITIONS = (
					"DEBUG=1",
					"$(inherited)",
				);
				GCC_WARN_64_TO_32_BIT_CONVERSION = YES;
				GCC_WARN_ABOUT_RETURN_TYPE = YES_ERROR;
				GCC_WARN_UNDECLARED_SELECTOR = YES;
				GCC_WARN_UNINITIALIZED_AUTOS = YES_AGGRESSIVE;
				GCC_WARN_UNUSED_FUNCTION = YES;
				GCC_WARN_UNUSED_VARIABLE = YES;
				IPHONEOS_DEPLOYMENT_TARGET = 10.1;
				MTL_ENABLE_DEBUG_INFO = YES;
				ONLY_ACTIVE_ARCH = YES;
				SDKROOT = iphoneos;
				SWIFT_ACTIVE_COMPILATION_CONDITIONS = DEBUG;
				SWIFT_OPTIMIZATION_LEVEL = "-Onone";
				TARGETED_DEVICE_FAMILY = "1,2";
				VERSIONING_SYSTEM = "apple-generic";
				VERSION_INFO_PREFIX = "";
			};
			name = Debug;
		};
		8EC7ED901E85201700834D92 /* Release */ = {
			isa = XCBuildConfiguration;
			buildSettings = {
				ALWAYS_SEARCH_USER_PATHS = NO;
				CLANG_ANALYZER_NONNULL = YES;
				CLANG_CXX_LANGUAGE_STANDARD = "gnu++0x";
				CLANG_CXX_LIBRARY = "libc++";
				CLANG_ENABLE_MODULES = YES;
				CLANG_ENABLE_OBJC_ARC = YES;
				CLANG_WARN_BOOL_CONVERSION = YES;
				CLANG_WARN_CONSTANT_CONVERSION = YES;
				CLANG_WARN_DIRECT_OBJC_ISA_USAGE = YES_ERROR;
				CLANG_WARN_DOCUMENTATION_COMMENTS = YES;
				CLANG_WARN_EMPTY_BODY = YES;
				CLANG_WARN_ENUM_CONVERSION = YES;
				CLANG_WARN_INFINITE_RECURSION = YES;
				CLANG_WARN_INT_CONVERSION = YES;
				CLANG_WARN_OBJC_ROOT_CLASS = YES_ERROR;
				CLANG_WARN_SUSPICIOUS_MOVES = YES;
				CLANG_WARN_UNREACHABLE_CODE = YES;
				CLANG_WARN__DUPLICATE_METHOD_MATCH = YES;
				"CODE_SIGN_IDENTITY[sdk=iphoneos*]" = "iPhone Developer";
				COPY_PHASE_STRIP = NO;
				CURRENT_PROJECT_VERSION = 1;
				DEBUG_INFORMATION_FORMAT = "dwarf-with-dsym";
				ENABLE_NS_ASSERTIONS = NO;
				ENABLE_STRICT_OBJC_MSGSEND = YES;
				GCC_C_LANGUAGE_STANDARD = gnu99;
				GCC_NO_COMMON_BLOCKS = YES;
				GCC_WARN_64_TO_32_BIT_CONVERSION = YES;
				GCC_WARN_ABOUT_RETURN_TYPE = YES_ERROR;
				GCC_WARN_UNDECLARED_SELECTOR = YES;
				GCC_WARN_UNINITIALIZED_AUTOS = YES_AGGRESSIVE;
				GCC_WARN_UNUSED_FUNCTION = YES;
				GCC_WARN_UNUSED_VARIABLE = YES;
				IPHONEOS_DEPLOYMENT_TARGET = 10.1;
				MTL_ENABLE_DEBUG_INFO = NO;
				SDKROOT = iphoneos;
				SWIFT_OPTIMIZATION_LEVEL = "-Owholemodule";
				TARGETED_DEVICE_FAMILY = "1,2";
				VALIDATE_PRODUCT = YES;
				VERSIONING_SYSTEM = "apple-generic";
				VERSION_INFO_PREFIX = "";
			};
			name = Release;
		};
		8EC7ED921E85201700834D92 /* Debug */ = {
			isa = XCBuildConfiguration;
			buildSettings = {
				CLANG_ENABLE_MODULES = YES;
				CODE_SIGN_IDENTITY = "";
				DEFINES_MODULE = YES;
				DEVELOPMENT_TEAM = QXDRVY8B8F;
				DYLIB_COMPATIBILITY_VERSION = 1;
				DYLIB_CURRENT_VERSION = 1;
				DYLIB_INSTALL_NAME_BASE = "@rpath";
				INFOPLIST_FILE = DriveSafe/Info.plist;
				INSTALL_PATH = "$(LOCAL_LIBRARY_DIR)/Frameworks";
				IPHONEOS_DEPLOYMENT_TARGET = 9.0;
				LD_RUNPATH_SEARCH_PATHS = "$(inherited) @executable_path/Frameworks @loader_path/Frameworks";
				PRODUCT_BUNDLE_IDENTIFIER = com.attinad.DriveSafe;
				PRODUCT_NAME = "$(TARGET_NAME)";
				SKIP_INSTALL = YES;
				SWIFT_OPTIMIZATION_LEVEL = "-Onone";
				SWIFT_VERSION = 3.0;
			};
			name = Debug;
		};
		8EC7ED931E85201700834D92 /* Release */ = {
			isa = XCBuildConfiguration;
			buildSettings = {
				CLANG_ENABLE_MODULES = YES;
				CODE_SIGN_IDENTITY = "";
				DEFINES_MODULE = YES;
				DEVELOPMENT_TEAM = QXDRVY8B8F;
				DYLIB_COMPATIBILITY_VERSION = 1;
				DYLIB_CURRENT_VERSION = 1;
				DYLIB_INSTALL_NAME_BASE = "@rpath";
				INFOPLIST_FILE = DriveSafe/Info.plist;
				INSTALL_PATH = "$(LOCAL_LIBRARY_DIR)/Frameworks";
				IPHONEOS_DEPLOYMENT_TARGET = 9.0;
				LD_RUNPATH_SEARCH_PATHS = "$(inherited) @executable_path/Frameworks @loader_path/Frameworks";
				PRODUCT_BUNDLE_IDENTIFIER = com.attinad.DriveSafe;
				PRODUCT_NAME = "$(TARGET_NAME)";
				SKIP_INSTALL = YES;
				SWIFT_VERSION = 3.0;
			};
			name = Release;
		};
		8EC7ED951E85201700834D92 /* Debug */ = {
			isa = XCBuildConfiguration;
			buildSettings = {
				ALWAYS_EMBED_SWIFT_STANDARD_LIBRARIES = YES;
				DEVELOPMENT_TEAM = QXDRVY8B8F;
				INFOPLIST_FILE = DriveSafeTests/Info.plist;
				LD_RUNPATH_SEARCH_PATHS = "$(inherited) @executable_path/Frameworks @loader_path/Frameworks";
				PRODUCT_BUNDLE_IDENTIFIER = com.attinad.DriveSafeTests;
				PRODUCT_NAME = "$(TARGET_NAME)";
				SWIFT_VERSION = 3.0;
			};
			name = Debug;
		};
		8EC7ED961E85201700834D92 /* Release */ = {
			isa = XCBuildConfiguration;
			buildSettings = {
				ALWAYS_EMBED_SWIFT_STANDARD_LIBRARIES = YES;
				DEVELOPMENT_TEAM = QXDRVY8B8F;
				INFOPLIST_FILE = DriveSafeTests/Info.plist;
				LD_RUNPATH_SEARCH_PATHS = "$(inherited) @executable_path/Frameworks @loader_path/Frameworks";
				PRODUCT_BUNDLE_IDENTIFIER = com.attinad.DriveSafeTests;
				PRODUCT_NAME = "$(TARGET_NAME)";
				SWIFT_VERSION = 3.0;
			};
			name = Release;
		};
/* End XCBuildConfiguration section */

/* Begin XCConfigurationList section */
		8EC7ED771E85201700834D92 /* Build configuration list for PBXProject "DriveSafe" */ = {
			isa = XCConfigurationList;
			buildConfigurations = (
				8EC7ED8F1E85201700834D92 /* Debug */,
				8EC7ED901E85201700834D92 /* Release */,
			);
			defaultConfigurationIsVisible = 0;
			defaultConfigurationName = Release;
		};
		8EC7ED911E85201700834D92 /* Build configuration list for PBXNativeTarget "DriveSafe" */ = {
			isa = XCConfigurationList;
			buildConfigurations = (
				8EC7ED921E85201700834D92 /* Debug */,
				8EC7ED931E85201700834D92 /* Release */,
			);
			defaultConfigurationIsVisible = 0;
		};
		8EC7ED941E85201700834D92 /* Build configuration list for PBXNativeTarget "DriveSafeTests" */ = {
			isa = XCConfigurationList;
			buildConfigurations = (
				8EC7ED951E85201700834D92 /* Debug */,
				8EC7ED961E85201700834D92 /* Release */,
			);
			defaultConfigurationIsVisible = 0;
		};
/* End XCConfigurationList section */
	};
	rootObject = 8EC7ED741E85201700834D92 /* Project object */;
}
